{
  "name": "netlifyfuncs",
  "version": "1.0.0",
  "lockfileVersion": 2,
  "requires": true,
  "packages": {
    "": {
      "version": "1.0.0",
      "license": "ISC",
      "dependencies": {
        "@bamblehorse/tiny": "github:bamblehorse/tiny",
        "tiny2": "file:function_modules/tiny2"
      }
    },
    "function_modules/tiny2": {
      "version": "1.0.0"
    },
    "node_modules/@bamblehorse/tiny": {
      "version": "2.0.0",
      "resolved": "git+ssh://git@github.com/bamblehorse/tiny.git#0c65c306a81b0d8a24b43d4445f5903582b8a6b3",
      "license": "MIT"
    },
    "node_modules/tiny2": {
      "resolved": "function_modules/tiny2",
      "link": true
    }
  },
  "dependencies": {
    "@bamblehorse/tiny": {
      "version": "git+ssh://git@github.com/bamblehorse/tiny.git#0c65c306a81b0d8a24b43d4445f5903582b8a6b3",
      "from": "@bamblehorse/tiny@github:bamblehorse/tiny"
    },
    "tiny2": {
      "version": "file:function_modules/tiny2"
    }
  }
}
